Microsoft Visual Studio Solution File, Format Version 12.00
# Visual Studio Version 17
VisualStudioVersion = 17.0.31903.59
MinimumVisualStudioVersion = 10.0.40219.1
Project("{2150E333-8FDC-42A3-9474-1A3956D46DE8}") = "tests", "tests", "{0AB3BF05-4346-4AA6-1389-037BE0695223}"
EndProject
Project("{FAE04EC0-301F-11D3-BF4B-00C04F79EFBC}") = "CsharpBackendService.Tests", "tests\CsharpBackendService.Tests\CsharpBackendService.Tests.csproj", "{2EE4F2EC-8A26-4544-8902-0E9E5F3A34F9}"
EndProject
Global
	GlobalSection(SolutionConfigurationPlatforms) = preSolution
		Debug|x64 = Debug|x64
		Release|x64 = Release|x64
	EndGlobalSection
	GlobalSection(ProjectConfigurationPlatforms) = postSolution
		{2EE4F2EC-8A26-4544-8902-0E9E5F3A34F9}.Debug|x64.ActiveCfg = Debug|Any CPU
		{2EE4F2EC-8A26-4544-8902-0E9E5F3A34F9}.Debug|x64.Build.0 = Debug|Any CPU
		{2EE4F2EC-8A26-4544-8902-0E9E5F3A34F9}.Release|x64.ActiveCfg = Release|Any CPU
		{2EE4F2EC-8A26-4544-8902-0E9E5F3A34F9}.Release|x64.Build.0 = Release|Any CPU
	EndGlobalSection
	GlobalSection(SolutionProperties) = preSolution
		HideSolutionNode = FALSE
	EndGlobalSection
	GlobalSection(NestedProjects) = preSolution
		{2EE4F2EC-8A26-4544-8902-0E9E5F3A34F9} = {0AB3BF05-4346-4AA6-1389-037BE0695223}
	EndGlobalSection
EndGlobal
